
Microsoft Visual Studio Solution File, Format Version 12.00
# Visual Studio Version 17
VisualStudioVersion = 17.7.34031.279
MinimumVisualStudioVersion = 10.0.40219.1
Project("{FAE04EC0-301F-11D3-BF4B-00C04F79EFBC}") = "DapperDemo", "DapperDemo\DapperDemo.csproj", "{A08C30D4-61B4-4531-ABBB-B1AC15D5BB0E}"
EndProject
Global
	GlobalSection(SolutionConfigurationPlatforms) = preSolution
		Debug|Any CPU = Debug|Any CPU
		Release|Any CPU = Release|Any CPU
	EndGlobalSection
	GlobalSection(ProjectConfigurationPlatforms) = postSolution
		{A08C30D4-61B4-4531-ABBB-B1AC15D5BB0E}.Debug|Any CPU.ActiveCfg = Debug|Any CPU
		{A08C30D4-61B4-4531-ABBB-B1AC15D5BB0E}.Debug|Any CPU.Build.0 = Debug|Any CPU
		{A08C30D4-61B4-4531-ABBB-B1AC15D5BB0E}.Release|Any CPU.ActiveCfg = Release|Any CPU
		{A08C30D4-61B4-4531-ABBB-B1AC15D5BB0E}.Release|Any CPU.Build.0 = Release|Any CPU
	EndGlobalSection
	GlobalSection(SolutionProperties) = preSolution
		HideSolutionNode = FALSE
	EndGlobalSection
	GlobalSection(ExtensibilityGlobals) = postSolution
		SolutionGuid = {E9D89EB8-BBDB-4025-93E3-9B73089CB0DF}
	EndGlobalSection
EndGlobal
